
Microsoft Visual Studio Solution File, Format Version 12.00
# Visual Studio Version 17
VisualStudioVersion = 17.14.36327.8 d17.14
MinimumVisualStudioVersion = 10.0.40219.1
Project("{FAE04EC0-301F-11D3-BF4B-00C04F79EFBC}") = "Test", "Test\Test.csproj", "{2DB3335F-6F96-4691-9A80-32C5891D3507}"
EndProject
Project("{FAE04EC0-301F-11D3-BF4B-00C04F79EFBC}") = "Test_My_Test", "Test_My_Test\Test_My_Test.csproj", "{3097E1EF-7016-4E7E-B3DA-347B0549938B}"
EndProject
Global
	GlobalSection(SolutionConfigurationPlatforms) = preSolution
		Debug|Any CPU = Debug|Any CPU
		Release|Any CPU = Release|Any CPU
	EndGlobalSection
	GlobalSection(ProjectConfigurationPlatforms) = postSolution
		{2DB3335F-6F96-4691-9A80-32C5891D3507}.Debug|Any CPU.ActiveCfg = Debug|Any CPU
		{2DB3335F-6F96-4691-9A80-32C5891D3507}.Debug|Any CPU.Build.0 = Debug|Any CPU
		{2DB3335F-6F96-4691-9A80-32C5891D3507}.Release|Any CPU.ActiveCfg = Release|Any CPU
		{2DB3335F-6F96-4691-9A80-32C5891D3507}.Release|Any CPU.Build.0 = Release|Any CPU
		{3097E1EF-7016-4E7E-B3DA-347B0549938B}.Debug|Any CPU.ActiveCfg = Debug|Any CPU
		{3097E1EF-7016-4E7E-B3DA-347B0549938B}.Debug|Any CPU.Build.0 = Debug|Any CPU
		{3097E1EF-7016-4E7E-B3DA-347B0549938B}.Release|Any CPU.ActiveCfg = Release|Any CPU
		{3097E1EF-7016-4E7E-B3DA-347B0549938B}.Release|Any CPU.Build.0 = Release|Any CPU
	EndGlobalSection
	GlobalSection(SolutionProperties) = preSolution
		HideSolutionNode = FALSE
	EndGlobalSection
	GlobalSection(ExtensibilityGlobals) = postSolution
		SolutionGuid = {56764FA6-95C0-4636-A5CE-8C4168031595}
	EndGlobalSection
EndGlobal
